
Microsoft Visual Studio Solution File, Format Version 12.00
# Visual Studio Version 16
VisualStudioVersion = 16.0.31702.278
MinimumVisualStudioVersion = 10.0.40219.1
Project("{888888A0-9F3D-457C-B088-3A5042F75D52}") = "test_10_13_py", "test_10_13_py.pyproj", "{98540DA7-9DF7-423D-B802-137198F62177}"
EndProject
Global
	GlobalSection(SolutionConfigurationPlatforms) = preSolution
		Debug|Any CPU = Debug|Any CPU
		Release|Any CPU = Release|Any CPU
	EndGlobalSection
	GlobalSection(ProjectConfigurationPlatforms) = postSolution
		{98540DA7-9DF7-423D-B802-137198F62177}.Debug|Any CPU.ActiveCfg = Debug|Any CPU
		{98540DA7-9DF7-423D-B802-137198F62177}.Release|Any CPU.ActiveCfg = Release|Any CPU
	EndGlobalSection
	GlobalSection(SolutionProperties) = preSolution
		HideSolutionNode = FALSE
	EndGlobalSection
	GlobalSection(ExtensibilityGlobals) = postSolution
		SolutionGuid = {FED894E0-E224-49A7-9CF5-F74C897E3EDD}
	EndGlobalSection
EndGlobal
