
Microsoft Visual Studio Solution File, Format Version 12.00
# Visual Studio Version 16
VisualStudioVersion = 16.0.31729.503
MinimumVisualStudioVersion = 10.0.40219.1
Project("{8BC9CEB8-8B4A-11D0-8D11-00A0C91BC942}") = "test_11_27_unordered_map、unordered_set模拟实现(iterator)", "test_11_27_unordered_map、unordered_set模拟实现(iterator).vcxproj", "{60BB6F08-DBAA-4693-B276-A86301BB18EF}"
EndProject
Global
	GlobalSection(SolutionConfigurationPlatforms) = preSolution
		Debug|x64 = Debug|x64
		Debug|x86 = Debug|x86
		Release|x64 = Release|x64
		Release|x86 = Release|x86
	EndGlobalSection
	GlobalSection(ProjectConfigurationPlatforms) = postSolution
		{60BB6F08-DBAA-4693-B276-A86301BB18EF}.Debug|x64.ActiveCfg = Debug|x64
		{60BB6F08-DBAA-4693-B276-A86301BB18EF}.Debug|x64.Build.0 = Debug|x64
		{60BB6F08-DBAA-4693-B276-A86301BB18EF}.Debug|x86.ActiveCfg = Debug|Win32
		{60BB6F08-DBAA-4693-B276-A86301BB18EF}.Debug|x86.Build.0 = Debug|Win32
		{60BB6F08-DBAA-4693-B276-A86301BB18EF}.Release|x64.ActiveCfg = Release|x64
		{60BB6F08-DBAA-4693-B276-A86301BB18EF}.Release|x64.Build.0 = Release|x64
		{60BB6F08-DBAA-4693-B276-A86301BB18EF}.Release|x86.ActiveCfg = Release|Win32
		{60BB6F08-DBAA-4693-B276-A86301BB18EF}.Release|x86.Build.0 = Release|Win32
	EndGlobalSection
	GlobalSection(SolutionProperties) = preSolution
		HideSolutionNode = FALSE
	EndGlobalSection
	GlobalSection(ExtensibilityGlobals) = postSolution
		SolutionGuid = {B345EB85-E0F7-4D66-B2D2-1795946B2B23}
	EndGlobalSection
EndGlobal
