
Microsoft Visual Studio Solution File, Format Version 12.00
# Visual Studio Version 16
VisualStudioVersion = 16.0.31205.134
MinimumVisualStudioVersion = 10.0.40219.1
Project("{8BC9CEB8-8B4A-11D0-8D11-00A0C91BC942}") = "Qt_first_Day1", "Qt_first_Day1.vcxproj", "{81CF6648-9474-4B23-B159-505548F9FA97}"
EndProject
Global
	GlobalSection(SolutionConfigurationPlatforms) = preSolution
		Debug|Win32 = Debug|Win32
		Debug|x64 = Debug|x64
		Debug|x86 = Debug|x86
		Release|Win32 = Release|Win32
		Release|x64 = Release|x64
		Release|x86 = Release|x86
	EndGlobalSection
	GlobalSection(ProjectConfigurationPlatforms) = postSolution
		{81CF6648-9474-4B23-B159-505548F9FA97}.Debug|Win32.ActiveCfg = Debug|Win32
		{81CF6648-9474-4B23-B159-505548F9FA97}.Debug|Win32.Build.0 = Debug|Win32
		{81CF6648-9474-4B23-B159-505548F9FA97}.Debug|x64.ActiveCfg = Debug|x64
		{81CF6648-9474-4B23-B159-505548F9FA97}.Debug|x64.Build.0 = Debug|x64
		{81CF6648-9474-4B23-B159-505548F9FA97}.Debug|x86.ActiveCfg = Debug|Win32
		{81CF6648-9474-4B23-B159-505548F9FA97}.Debug|x86.Build.0 = Debug|Win32
		{81CF6648-9474-4B23-B159-505548F9FA97}.Release|Win32.ActiveCfg = Release|Win32
		{81CF6648-9474-4B23-B159-505548F9FA97}.Release|Win32.Build.0 = Release|Win32
		{81CF6648-9474-4B23-B159-505548F9FA97}.Release|x64.ActiveCfg = Release|x64
		{81CF6648-9474-4B23-B159-505548F9FA97}.Release|x64.Build.0 = Release|x64
		{81CF6648-9474-4B23-B159-505548F9FA97}.Release|x86.ActiveCfg = Release|Win32
		{81CF6648-9474-4B23-B159-505548F9FA97}.Release|x86.Build.0 = Release|Win32
	EndGlobalSection
	GlobalSection(SolutionProperties) = preSolution
		HideSolutionNode = FALSE
	EndGlobalSection
	GlobalSection(ExtensibilityGlobals) = postSolution
		SolutionGuid = {2DA068AC-9759-44A4-B6F7-024C85803661}
	EndGlobalSection
EndGlobal
