
Microsoft Visual Studio Solution File, Format Version 12.00
# Visual Studio Version 16
VisualStudioVersion = 16.0.31229.75
MinimumVisualStudioVersion = 10.0.40219.1
Project("{8BC9CEB8-8B4A-11D0-8D11-00A0C91BC942}") = "test_7_19", "test_7_19.vcxproj", "{258E8420-4151-436C-9678-44741DFBD9AD}"
EndProject
Global
	GlobalSection(SolutionConfigurationPlatforms) = preSolution
		Debug|x64 = Debug|x64
		Debug|x86 = Debug|x86
		Release|x64 = Release|x64
		Release|x86 = Release|x86
	EndGlobalSection
	GlobalSection(ProjectConfigurationPlatforms) = postSolution
		{258E8420-4151-436C-9678-44741DFBD9AD}.Debug|x64.ActiveCfg = Debug|x64
		{258E8420-4151-436C-9678-44741DFBD9AD}.Debug|x64.Build.0 = Debug|x64
		{258E8420-4151-436C-9678-44741DFBD9AD}.Debug|x86.ActiveCfg = Debug|Win32
		{258E8420-4151-436C-9678-44741DFBD9AD}.Debug|x86.Build.0 = Debug|Win32
		{258E8420-4151-436C-9678-44741DFBD9AD}.Release|x64.ActiveCfg = Release|x64
		{258E8420-4151-436C-9678-44741DFBD9AD}.Release|x64.Build.0 = Release|x64
		{258E8420-4151-436C-9678-44741DFBD9AD}.Release|x86.ActiveCfg = Release|Win32
		{258E8420-4151-436C-9678-44741DFBD9AD}.Release|x86.Build.0 = Release|Win32
	EndGlobalSection
	GlobalSection(SolutionProperties) = preSolution
		HideSolutionNode = FALSE
	EndGlobalSection
	GlobalSection(ExtensibilityGlobals) = postSolution
		SolutionGuid = {C244FDE4-54D9-4837-B941-E7A975CCE414}
	EndGlobalSection
EndGlobal
