
Microsoft Visual Studio Solution File, Format Version 12.00
# Visual Studio Version 16
VisualStudioVersion = 16.0.31702.278
MinimumVisualStudioVersion = 10.0.40219.1
Project("{888888A0-9F3D-457C-B088-3A5042F75D52}") = "test_9_15_py", "test_9_15_py.pyproj", "{D331C520-97FD-4C01-ADF7-E73227C49C40}"
EndProject
Global
	GlobalSection(SolutionConfigurationPlatforms) = preSolution
		Debug|Any CPU = Debug|Any CPU
		Release|Any CPU = Release|Any CPU
	EndGlobalSection
	GlobalSection(ProjectConfigurationPlatforms) = postSolution
		{D331C520-97FD-4C01-ADF7-E73227C49C40}.Debug|Any CPU.ActiveCfg = Debug|Any CPU
		{D331C520-97FD-4C01-ADF7-E73227C49C40}.Release|Any CPU.ActiveCfg = Release|Any CPU
	EndGlobalSection
	GlobalSection(SolutionProperties) = preSolution
		HideSolutionNode = FALSE
	EndGlobalSection
	GlobalSection(ExtensibilityGlobals) = postSolution
		SolutionGuid = {B5F478AB-5AA9-4F45-9C36-8CAECCDDCEDA}
	EndGlobalSection
EndGlobal
