
Microsoft Visual Studio Solution File, Format Version 12.00
# Visual Studio Version 16
VisualStudioVersion = 16.0.31729.503
MinimumVisualStudioVersion = 10.0.40219.1
Project("{8BC9CEB8-8B4A-11D0-8D11-00A0C91BC942}") = "test_11_11", "test_11_11.vcxproj", "{F24CB441-D4D2-4F11-BAF1-0AE23776FCC2}"
EndProject
Global
	GlobalSection(SolutionConfigurationPlatforms) = preSolution
		Debug|x64 = Debug|x64
		Debug|x86 = Debug|x86
		Release|x64 = Release|x64
		Release|x86 = Release|x86
	EndGlobalSection
	GlobalSection(ProjectConfigurationPlatforms) = postSolution
		{F24CB441-D4D2-4F11-BAF1-0AE23776FCC2}.Debug|x64.ActiveCfg = Debug|x64
		{F24CB441-D4D2-4F11-BAF1-0AE23776FCC2}.Debug|x64.Build.0 = Debug|x64
		{F24CB441-D4D2-4F11-BAF1-0AE23776FCC2}.Debug|x86.ActiveCfg = Debug|Win32
		{F24CB441-D4D2-4F11-BAF1-0AE23776FCC2}.Debug|x86.Build.0 = Debug|Win32
		{F24CB441-D4D2-4F11-BAF1-0AE23776FCC2}.Release|x64.ActiveCfg = Release|x64
		{F24CB441-D4D2-4F11-BAF1-0AE23776FCC2}.Release|x64.Build.0 = Release|x64
		{F24CB441-D4D2-4F11-BAF1-0AE23776FCC2}.Release|x86.ActiveCfg = Release|Win32
		{F24CB441-D4D2-4F11-BAF1-0AE23776FCC2}.Release|x86.Build.0 = Release|Win32
	EndGlobalSection
	GlobalSection(SolutionProperties) = preSolution
		HideSolutionNode = FALSE
	EndGlobalSection
	GlobalSection(ExtensibilityGlobals) = postSolution
		SolutionGuid = {44D5E85F-427C-41F5-8B99-BB9FC3E550E4}
	EndGlobalSection
EndGlobal
