
Microsoft Visual Studio Solution File, Format Version 12.00
# Visual Studio Version 16
VisualStudioVersion = 16.0.31702.278
MinimumVisualStudioVersion = 10.0.40219.1
Project("{8BC9CEB8-8B4A-11D0-8D11-00A0C91BC942}") = "test_9_21", "test_9_21.vcxproj", "{ECB8D868-7F2F-45F6-8BB6-FF10A4B65639}"
EndProject
Global
	GlobalSection(SolutionConfigurationPlatforms) = preSolution
		Debug|x64 = Debug|x64
		Debug|x86 = Debug|x86
		Release|x64 = Release|x64
		Release|x86 = Release|x86
	EndGlobalSection
	GlobalSection(ProjectConfigurationPlatforms) = postSolution
		{ECB8D868-7F2F-45F6-8BB6-FF10A4B65639}.Debug|x64.ActiveCfg = Debug|x64
		{ECB8D868-7F2F-45F6-8BB6-FF10A4B65639}.Debug|x64.Build.0 = Debug|x64
		{ECB8D868-7F2F-45F6-8BB6-FF10A4B65639}.Debug|x86.ActiveCfg = Debug|Win32
		{ECB8D868-7F2F-45F6-8BB6-FF10A4B65639}.Debug|x86.Build.0 = Debug|Win32
		{ECB8D868-7F2F-45F6-8BB6-FF10A4B65639}.Release|x64.ActiveCfg = Release|x64
		{ECB8D868-7F2F-45F6-8BB6-FF10A4B65639}.Release|x64.Build.0 = Release|x64
		{ECB8D868-7F2F-45F6-8BB6-FF10A4B65639}.Release|x86.ActiveCfg = Release|Win32
		{ECB8D868-7F2F-45F6-8BB6-FF10A4B65639}.Release|x86.Build.0 = Release|Win32
	EndGlobalSection
	GlobalSection(SolutionProperties) = preSolution
		HideSolutionNode = FALSE
	EndGlobalSection
	GlobalSection(ExtensibilityGlobals) = postSolution
		SolutionGuid = {21464BB9-EDC4-4BDC-97C2-F6F7654F7A05}
	EndGlobalSection
EndGlobal
