
Microsoft Visual Studio Solution File, Format Version 12.00
# Visual Studio Version 16
VisualStudioVersion = 16.0.31729.503
MinimumVisualStudioVersion = 10.0.40219.1
Project("{888888A0-9F3D-457C-B088-3A5042F75D52}") = "test_10_27", "test_10_27.pyproj", "{BBE0EC71-D1EF-48AD-8965-2038C3935955}"
EndProject
Global
	GlobalSection(SolutionConfigurationPlatforms) = preSolution
		Debug|Any CPU = Debug|Any CPU
		Release|Any CPU = Release|Any CPU
	EndGlobalSection
	GlobalSection(ProjectConfigurationPlatforms) = postSolution
		{BBE0EC71-D1EF-48AD-8965-2038C3935955}.Debug|Any CPU.ActiveCfg = Debug|Any CPU
		{BBE0EC71-D1EF-48AD-8965-2038C3935955}.Release|Any CPU.ActiveCfg = Release|Any CPU
	EndGlobalSection
	GlobalSection(SolutionProperties) = preSolution
		HideSolutionNode = FALSE
	EndGlobalSection
	GlobalSection(ExtensibilityGlobals) = postSolution
		SolutionGuid = {5C7C946B-436B-4865-926E-9811A06E551F}
	EndGlobalSection
EndGlobal
