
Microsoft Visual Studio Solution File, Format Version 12.00
# Visual Studio Version 16
VisualStudioVersion = 16.0.31729.503
MinimumVisualStudioVersion = 10.0.40219.1
Project("{888888A0-9F3D-457C-B088-3A5042F75D52}") = "test_11_4_py", "test_11_4_py.pyproj", "{31F8730E-2DBA-496C-85DB-F6B9C15D9439}"
EndProject
Global
	GlobalSection(SolutionConfigurationPlatforms) = preSolution
		Debug|Any CPU = Debug|Any CPU
		Release|Any CPU = Release|Any CPU
	EndGlobalSection
	GlobalSection(ProjectConfigurationPlatforms) = postSolution
		{31F8730E-2DBA-496C-85DB-F6B9C15D9439}.Debug|Any CPU.ActiveCfg = Debug|Any CPU
		{31F8730E-2DBA-496C-85DB-F6B9C15D9439}.Release|Any CPU.ActiveCfg = Release|Any CPU
	EndGlobalSection
	GlobalSection(SolutionProperties) = preSolution
		HideSolutionNode = FALSE
	EndGlobalSection
	GlobalSection(ExtensibilityGlobals) = postSolution
		SolutionGuid = {DB5822EE-4E62-488F-A0F7-3DAEEF64F026}
	EndGlobalSection
EndGlobal
