
Microsoft Visual Studio Solution File, Format Version 12.00
# Visual Studio Version 16
VisualStudioVersion = 16.0.31205.134
MinimumVisualStudioVersion = 10.0.40219.1
Project("{8BC9CEB8-8B4A-11D0-8D11-00A0C91BC942}") = "Qt_2", "Qt_2.vcxproj", "{7603AAED-7E6E-4DB5-A917-1F65CF8A2DC4}"
EndProject
Global
	GlobalSection(SolutionConfigurationPlatforms) = preSolution
		Debug|x64 = Debug|x64
		Release|x64 = Release|x64
	EndGlobalSection
	GlobalSection(ProjectConfigurationPlatforms) = postSolution
		{7603AAED-7E6E-4DB5-A917-1F65CF8A2DC4}.Debug|x64.ActiveCfg = Debug|x64
		{7603AAED-7E6E-4DB5-A917-1F65CF8A2DC4}.Debug|x64.Build.0 = Debug|x64
		{7603AAED-7E6E-4DB5-A917-1F65CF8A2DC4}.Release|x64.ActiveCfg = Release|x64
		{7603AAED-7E6E-4DB5-A917-1F65CF8A2DC4}.Release|x64.Build.0 = Release|x64
	EndGlobalSection
	GlobalSection(SolutionProperties) = preSolution
		HideSolutionNode = FALSE
	EndGlobalSection
	GlobalSection(ExtensibilityGlobals) = postSolution
		SolutionGuid = {F5669B0B-33EF-453B-94EB-14E47170D89A}
	EndGlobalSection
EndGlobal
